
Microsoft Visual Studio Solution File, Format Version 12.00
# Visual Studio Version 17
VisualStudioVersion = 17.0.31903.59
MinimumVisualStudioVersion = 10.0.40219.1
Project("{FAE04EC0-301F-11D3-BF4B-00C04F79EFBC}") = "atelier", "atelier.csproj", "{F7019613-DFF0-4790-84DE-B3B759AA9822}"
EndProject
Global
	GlobalSection(SolutionConfigurationPlatforms) = preSolution
		Debug|Any CPU = Debug|Any CPU
		Release|Any CPU = Release|Any CPU
	EndGlobalSection
	GlobalSection(ProjectConfigurationPlatforms) = postSolution
		{F7019613-DFF0-4790-84DE-B3B759AA9822}.Debug|Any CPU.ActiveCfg = Debug|Any CPU
		{F7019613-DFF0-4790-84DE-B3B759AA9822}.Debug|Any CPU.Build.0 = Debug|Any CPU
		{F7019613-DFF0-4790-84DE-B3B759AA9822}.Release|Any CPU.ActiveCfg = Release|Any CPU
		{F7019613-DFF0-4790-84DE-B3B759AA9822}.Release|Any CPU.Build.0 = Release|Any CPU
	EndGlobalSection
	GlobalSection(SolutionProperties) = preSolution
		HideSolutionNode = FALSE
	EndGlobalSection
	GlobalSection(ExtensibilityGlobals) = postSolution
		SolutionGuid = {F967E600-2124-4036-900E-41A0E5ABCFB3}
	EndGlobalSection
EndGlobal
